
Microsoft Visual Studio Solution File, Format Version 12.00
# Visual Studio 15
VisualStudioVersion = 15.0.27130.0
MinimumVisualStudioVersion = 10.0.40219.1
Project("{FAE04EC0-301F-11D3-BF4B-00C04F79EFBC}") = "CapgVSACApp.Android", "CapgVSACApp\CapgVSACApp.Android\CapgVSACApp.Android.csproj", "{C8DFD907-1F7F-4C33-B728-0F6B6FB4A818}"
EndProject
Project("{FAE04EC0-301F-11D3-BF4B-00C04F79EFBC}") = "CapgVSACApp", "CapgVSACApp\CapgVSACApp\CapgVSACApp.csproj", "{54C1476E-DE16-48F2-8142-DBA1D1568F9C}"
EndProject
Project("{FAE04EC0-301F-11D3-BF4B-00C04F79EFBC}") = "CapgVSACApp.iOS", "CapgVSACApp\CapgVSACApp.iOS\CapgVSACApp.iOS.csproj", "{2FDCA58A-2ED3-4F3A-8159-134683C96F6E}"
EndProject
Project("{FAE04EC0-301F-11D3-BF4B-00C04F79EFBC}") = "CapgVSACAppUITest", "CapgVSACAppUITest\CapgVSACAppUITest.csproj", "{242E4BBB-47B9-4DA5-8AA7-BE69B37AE684}"
EndProject
Global
	GlobalSection(SolutionConfigurationPlatforms) = preSolution
		Ad-Hoc|Any CPU = Ad-Hoc|Any CPU
		Ad-Hoc|iPhone = Ad-Hoc|iPhone
		Ad-Hoc|iPhoneSimulator = Ad-Hoc|iPhoneSimulator
		AppStore|Any CPU = AppStore|Any CPU
		AppStore|iPhone = AppStore|iPhone
		AppStore|iPhoneSimulator = AppStore|iPhoneSimulator
		Debug|Any CPU = Debug|Any CPU
		Debug|iPhone = Debug|iPhone
		Debug|iPhoneSimulator = Debug|iPhoneSimulator
		Release|Any CPU = Release|Any CPU
		Release|iPhone = Release|iPhone
		Release|iPhoneSimulator = Release|iPhoneSimulator
	EndGlobalSection
	GlobalSection(ProjectConfigurationPlatforms) = postSolution
		{C8DFD907-1F7F-4C33-B728-0F6B6FB4A818}.Ad-Hoc|Any CPU.ActiveCfg = Release|Any CPU
		{C8DFD907-1F7F-4C33-B728-0F6B6FB4A818}.Ad-Hoc|Any CPU.Build.0 = Release|Any CPU
		{C8DFD907-1F7F-4C33-B728-0F6B6FB4A818}.Ad-Hoc|Any CPU.Deploy.0 = Release|Any CPU
		{C8DFD907-1F7F-4C33-B728-0F6B6FB4A818}.Ad-Hoc|iPhone.ActiveCfg = Release|Any CPU
		{C8DFD907-1F7F-4C33-B728-0F6B6FB4A818}.Ad-Hoc|iPhone.Build.0 = Release|Any CPU
		{C8DFD907-1F7F-4C33-B728-0F6B6FB4A818}.Ad-Hoc|iPhone.Deploy.0 = Release|Any CPU
		{C8DFD907-1F7F-4C33-B728-0F6B6FB4A818}.Ad-Hoc|iPhoneSimulator.ActiveCfg = Release|Any CPU
		{C8DFD907-1F7F-4C33-B728-0F6B6FB4A818}.Ad-Hoc|iPhoneSimulator.Build.0 = Release|Any CPU
		{C8DFD907-1F7F-4C33-B728-0F6B6FB4A818}.Ad-Hoc|iPhoneSimulator.Deploy.0 = Release|Any CPU
		{C8DFD907-1F7F-4C33-B728-0F6B6FB4A818}.AppStore|Any CPU.ActiveCfg = Release|Any CPU
		{C8DFD907-1F7F-4C33-B728-0F6B6FB4A818}.AppStore|Any CPU.Build.0 = Release|Any CPU
		{C8DFD907-1F7F-4C33-B728-0F6B6FB4A818}.AppStore|Any CPU.Deploy.0 = Release|Any CPU
		{C8DFD907-1F7F-4C33-B728-0F6B6FB4A818}.AppStore|iPhone.ActiveCfg = Release|Any CPU
		{C8DFD907-1F7F-4C33-B728-0F6B6FB4A818}.AppStore|iPhone.Build.0 = Release|Any CPU
		{C8DFD907-1F7F-4C33-B728-0F6B6FB4A818}.AppStore|iPhone.Deploy.0 = Release|Any CPU
		{C8DFD907-1F7F-4C33-B728-0F6B6FB4A818}.AppStore|iPhoneSimulator.ActiveCfg = Release|Any CPU
		{C8DFD907-1F7F-4C33-B728-0F6B6FB4A818}.AppStore|iPhoneSimulator.Build.0 = Release|Any CPU
		{C8DFD907-1F7F-4C33-B728-0F6B6FB4A818}.AppStore|iPhoneSimulator.Deploy.0 = Release|Any CPU
		{C8DFD907-1F7F-4C33-B728-0F6B6FB4A818}.Debug|Any CPU.ActiveCfg = Debug|Any CPU
		{C8DFD907-1F7F-4C33-B728-0F6B6FB4A818}.Debug|Any CPU.Build.0 = Debug|Any CPU
		{C8DFD907-1F7F-4C33-B728-0F6B6FB4A818}.Debug|Any CPU.Deploy.0 = Debug|Any CPU
		{C8DFD907-1F7F-4C33-B728-0F6B6FB4A818}.Debug|iPhone.ActiveCfg = Debug|Any CPU
		{C8DFD907-1F7F-4C33-B728-0F6B6FB4A818}.Debug|iPhone.Build.0 = Debug|Any CPU
		{C8DFD907-1F7F-4C33-B728-0F6B6FB4A818}.Debug|iPhone.Deploy.0 = Debug|Any CPU
		{C8DFD907-1F7F-4C33-B728-0F6B6FB4A818}.Debug|iPhoneSimulator.ActiveCfg = Debug|Any CPU
		{C8DFD907-1F7F-4C33-B728-0F6B6FB4A818}.Debug|iPhoneSimulator.Build.0 = Debug|Any CPU
		{C8DFD907-1F7F-4C33-B728-0F6B6FB4A818}.Debug|iPhoneSimulator.Deploy.0 = Debug|Any CPU
		{C8DFD907-1F7F-4C33-B728-0F6B6FB4A818}.Release|Any CPU.ActiveCfg = Release|Any CPU
		{C8DFD907-1F7F-4C33-B728-0F6B6FB4A818}.Release|Any CPU.Build.0 = Release|Any CPU
		{C8DFD907-1F7F-4C33-B728-0F6B6FB4A818}.Release|Any CPU.Deploy.0 = Release|Any CPU
		{C8DFD907-1F7F-4C33-B728-0F6B6FB4A818}.Release|iPhone.ActiveCfg = Release|Any CPU
		{C8DFD907-1F7F-4C33-B728-0F6B6FB4A818}.Release|iPhone.Build.0 = Release|Any CPU
		{C8DFD907-1F7F-4C33-B728-0F6B6FB4A818}.Release|iPhone.Deploy.0 = Release|Any CPU
		{C8DFD907-1F7F-4C33-B728-0F6B6FB4A818}.Release|iPhoneSimulator.ActiveCfg = Release|Any CPU
		{C8DFD907-1F7F-4C33-B728-0F6B6FB4A818}.Release|iPhoneSimulator.Build.0 = Release|Any CPU
		{C8DFD907-1F7F-4C33-B728-0F6B6FB4A818}.Release|iPhoneSimulator.Deploy.0 = Release|Any CPU
		{54C1476E-DE16-48F2-8142-DBA1D1568F9C}.Ad-Hoc|Any CPU.ActiveCfg = Release|Any CPU
		{54C1476E-DE16-48F2-8142-DBA1D1568F9C}.Ad-Hoc|Any CPU.Build.0 = Release|Any CPU
		{54C1476E-DE16-48F2-8142-DBA1D1568F9C}.Ad-Hoc|iPhone.ActiveCfg = Release|Any CPU
		{54C1476E-DE16-48F2-8142-DBA1D1568F9C}.Ad-Hoc|iPhone.Build.0 = Release|Any CPU
		{54C1476E-DE16-48F2-8142-DBA1D1568F9C}.Ad-Hoc|iPhoneSimulator.ActiveCfg = Release|Any CPU
		{54C1476E-DE16-48F2-8142-DBA1D1568F9C}.Ad-Hoc|iPhoneSimulator.Build.0 = Release|Any CPU
		{54C1476E-DE16-48F2-8142-DBA1D1568F9C}.AppStore|Any CPU.ActiveCfg = Release|Any CPU
		{54C1476E-DE16-48F2-8142-DBA1D1568F9C}.AppStore|Any CPU.Build.0 = Release|Any CPU
		{54C1476E-DE16-48F2-8142-DBA1D1568F9C}.AppStore|iPhone.ActiveCfg = Release|Any CPU
		{54C1476E-DE16-48F2-8142-DBA1D1568F9C}.AppStore|iPhone.Build.0 = Release|Any CPU
		{54C1476E-DE16-48F2-8142-DBA1D1568F9C}.AppStore|iPhoneSimulator.ActiveCfg = Release|Any CPU
		{54C1476E-DE16-48F2-8142-DBA1D1568F9C}.AppStore|iPhoneSimulator.Build.0 = Release|Any CPU
		{54C1476E-DE16-48F2-8142-DBA1D1568F9C}.Debug|Any CPU.ActiveCfg = Debug|Any CPU
		{54C1476E-DE16-48F2-8142-DBA1D1568F9C}.Debug|Any CPU.Build.0 = Debug|Any CPU
		{54C1476E-DE16-48F2-8142-DBA1D1568F9C}.Debug|iPhone.ActiveCfg = Debug|Any CPU
		{54C1476E-DE16-48F2-8142-DBA1D1568F9C}.Debug|iPhone.Build.0 = Debug|Any CPU
		{54C1476E-DE16-48F2-8142-DBA1D1568F9C}.Debug|iPhoneSimulator.ActiveCfg = Debug|Any CPU
		{54C1476E-DE16-48F2-8142-DBA1D1568F9C}.Debug|iPhoneSimulator.Build.0 = Debug|Any CPU
		{54C1476E-DE16-48F2-8142-DBA1D1568F9C}.Release|Any CPU.ActiveCfg = Release|Any CPU
		{54C1476E-DE16-48F2-8142-DBA1D1568F9C}.Release|Any CPU.Build.0 = Release|Any CPU
		{54C1476E-DE16-48F2-8142-DBA1D1568F9C}.Release|iPhone.ActiveCfg = Release|Any CPU
		{54C1476E-DE16-48F2-8142-DBA1D1568F9C}.Release|iPhone.Build.0 = Release|Any CPU
		{54C1476E-DE16-48F2-8142-DBA1D1568F9C}.Release|iPhoneSimulator.ActiveCfg = Release|Any CPU
		{54C1476E-DE16-48F2-8142-DBA1D1568F9C}.Release|iPhoneSimulator.Build.0 = Release|Any CPU
		{2FDCA58A-2ED3-4F3A-8159-134683C96F6E}.Ad-Hoc|Any CPU.ActiveCfg = Ad-Hoc|iPhone
		{2FDCA58A-2ED3-4F3A-8159-134683C96F6E}.Ad-Hoc|iPhone.ActiveCfg = Ad-Hoc|iPhone
		{2FDCA58A-2ED3-4F3A-8159-134683C96F6E}.Ad-Hoc|iPhone.Build.0 = Ad-Hoc|iPhone
		{2FDCA58A-2ED3-4F3A-8159-134683C96F6E}.Ad-Hoc|iPhoneSimulator.ActiveCfg = Ad-Hoc|iPhoneSimulator
		{2FDCA58A-2ED3-4F3A-8159-134683C96F6E}.Ad-Hoc|iPhoneSimulator.Build.0 = Ad-Hoc|iPhoneSimulator
		{2FDCA58A-2ED3-4F3A-8159-134683C96F6E}.AppStore|Any CPU.ActiveCfg = AppStore|iPhone
		{2FDCA58A-2ED3-4F3A-8159-134683C96F6E}.AppStore|iPhone.ActiveCfg = AppStore|iPhone
		{2FDCA58A-2ED3-4F3A-8159-134683C96F6E}.AppStore|iPhone.Build.0 = AppStore|iPhone
		{2FDCA58A-2ED3-4F3A-8159-134683C96F6E}.AppStore|iPhoneSimulator.ActiveCfg = AppStore|iPhoneSimulator
		{2FDCA58A-2ED3-4F3A-8159-134683C96F6E}.AppStore|iPhoneSimulator.Build.0 = AppStore|iPhoneSimulator
		{2FDCA58A-2ED3-4F3A-8159-134683C96F6E}.Debug|Any CPU.ActiveCfg = Debug|iPhone
		{2FDCA58A-2ED3-4F3A-8159-134683C96F6E}.Debug|iPhone.ActiveCfg = Debug|iPhone
		{2FDCA58A-2ED3-4F3A-8159-134683C96F6E}.Debug|iPhone.Build.0 = Debug|iPhone
		{2FDCA58A-2ED3-4F3A-8159-134683C96F6E}.Debug|iPhoneSimulator.ActiveCfg = Debug|iPhoneSimulator
		{2FDCA58A-2ED3-4F3A-8159-134683C96F6E}.Debug|iPhoneSimulator.Build.0 = Debug|iPhoneSimulator
		{2FDCA58A-2ED3-4F3A-8159-134683C96F6E}.Release|Any CPU.ActiveCfg = Release|iPhone
		{2FDCA58A-2ED3-4F3A-8159-134683C96F6E}.Release|iPhone.ActiveCfg = Release|iPhone
		{2FDCA58A-2ED3-4F3A-8159-134683C96F6E}.Release|iPhone.Build.0 = Release|iPhone
		{2FDCA58A-2ED3-4F3A-8159-134683C96F6E}.Release|iPhoneSimulator.ActiveCfg = Release|iPhoneSimulator
		{2FDCA58A-2ED3-4F3A-8159-134683C96F6E}.Release|iPhoneSimulator.Build.0 = Release|iPhoneSimulator
		{242E4BBB-47B9-4DA5-8AA7-BE69B37AE684}.Ad-Hoc|Any CPU.ActiveCfg = Release|Any CPU
		{242E4BBB-47B9-4DA5-8AA7-BE69B37AE684}.Ad-Hoc|Any CPU.Build.0 = Release|Any CPU
		{242E4BBB-47B9-4DA5-8AA7-BE69B37AE684}.Ad-Hoc|iPhone.ActiveCfg = Release|Any CPU
		{242E4BBB-47B9-4DA5-8AA7-BE69B37AE684}.Ad-Hoc|iPhone.Build.0 = Release|Any CPU
		{242E4BBB-47B9-4DA5-8AA7-BE69B37AE684}.Ad-Hoc|iPhoneSimulator.ActiveCfg = Release|Any CPU
		{242E4BBB-47B9-4DA5-8AA7-BE69B37AE684}.Ad-Hoc|iPhoneSimulator.Build.0 = Release|Any CPU
		{242E4BBB-47B9-4DA5-8AA7-BE69B37AE684}.AppStore|Any CPU.ActiveCfg = Release|Any CPU
		{242E4BBB-47B9-4DA5-8AA7-BE69B37AE684}.AppStore|Any CPU.Build.0 = Release|Any CPU
		{242E4BBB-47B9-4DA5-8AA7-BE69B37AE684}.AppStore|iPhone.ActiveCfg = Release|Any CPU
		{242E4BBB-47B9-4DA5-8AA7-BE69B37AE684}.AppStore|iPhone.Build.0 = Release|Any CPU
		{242E4BBB-47B9-4DA5-8AA7-BE69B37AE684}.AppStore|iPhoneSimulator.ActiveCfg = Release|Any CPU
		{242E4BBB-47B9-4DA5-8AA7-BE69B37AE684}.AppStore|iPhoneSimulator.Build.0 = Release|Any CPU
		{242E4BBB-47B9-4DA5-8AA7-BE69B37AE684}.Debug|Any CPU.ActiveCfg = Debug|Any CPU
		{242E4BBB-47B9-4DA5-8AA7-BE69B37AE684}.Debug|Any CPU.Build.0 = Debug|Any CPU
		{242E4BBB-47B9-4DA5-8AA7-BE69B37AE684}.Debug|iPhone.ActiveCfg = Debug|Any CPU
		{242E4BBB-47B9-4DA5-8AA7-BE69B37AE684}.Debug|iPhone.Build.0 = Debug|Any CPU
		{242E4BBB-47B9-4DA5-8AA7-BE69B37AE684}.Debug|iPhoneSimulator.ActiveCfg = Debug|Any CPU
		{242E4BBB-47B9-4DA5-8AA7-BE69B37AE684}.Debug|iPhoneSimulator.Build.0 = Debug|Any CPU
		{242E4BBB-47B9-4DA5-8AA7-BE69B37AE684}.Release|Any CPU.ActiveCfg = Release|Any CPU
		{242E4BBB-47B9-4DA5-8AA7-BE69B37AE684}.Release|Any CPU.Build.0 = Release|Any CPU
		{242E4BBB-47B9-4DA5-8AA7-BE69B37AE684}.Release|iPhone.ActiveCfg = Release|Any CPU
		{242E4BBB-47B9-4DA5-8AA7-BE69B37AE684}.Release|iPhone.Build.0 = Release|Any CPU
		{242E4BBB-47B9-4DA5-8AA7-BE69B37AE684}.Release|iPhoneSimulator.ActiveCfg = Release|Any CPU
		{242E4BBB-47B9-4DA5-8AA7-BE69B37AE684}.Release|iPhoneSimulator.Build.0 = Release|Any CPU
	EndGlobalSection
	GlobalSection(SolutionProperties) = preSolution
		HideSolutionNode = FALSE
	EndGlobalSection
	GlobalSection(ExtensibilityGlobals) = postSolution
		SolutionGuid = {FB7685B0-6D61-4CBC-844C-DA7D8AEB1792}
	EndGlobalSection
EndGlobal
